
Microsoft Visual Studio Solution File, Format Version 12.00
# Visual Studio Version 16
VisualStudioVersion = 16.0.31205.134
MinimumVisualStudioVersion = 10.0.40219.1
Project("{FAE04EC0-301F-11D3-BF4B-00C04F79EFBC}") = "Aseni.net", "Aseni.net\Aseni.net.csproj", "{D6833183-57D5-40B1-A38D-C2AE527411BA}"
EndProject
Global
	GlobalSection(SolutionConfigurationPlatforms) = preSolution
		Debug|Any CPU = Debug|Any CPU
		Release|Any CPU = Release|Any CPU
	EndGlobalSection
	GlobalSection(ProjectConfigurationPlatforms) = postSolution
		{D6833183-57D5-40B1-A38D-C2AE527411BA}.Debug|Any CPU.ActiveCfg = Debug|Any CPU
		{D6833183-57D5-40B1-A38D-C2AE527411BA}.Debug|Any CPU.Build.0 = Debug|Any CPU
		{D6833183-57D5-40B1-A38D-C2AE527411BA}.Release|Any CPU.ActiveCfg = Release|Any CPU
		{D6833183-57D5-40B1-A38D-C2AE527411BA}.Release|Any CPU.Build.0 = Release|Any CPU
	EndGlobalSection
	GlobalSection(SolutionProperties) = preSolution
		HideSolutionNode = FALSE
	EndGlobalSection
	GlobalSection(ExtensibilityGlobals) = postSolution
		SolutionGuid = {02ADE4A0-B005-4407-B88F-102CBDF7015A}
	EndGlobalSection
EndGlobal
